
Microsoft Visual Studio Solution File, Format Version 12.00
# Visual Studio Version 17
VisualStudioVersion = 17.4.33213.308
MinimumVisualStudioVersion = 10.0.40219.1
Project("{9A19103F-16F7-4668-BE54-9A1E7A4F7556}") = "Mahoades", "Mahoades\Mahoades.csproj", "{1D605D24-05D4-487D-B55C-DAA7AF014E96}"
EndProject
Project("{2150E333-8FDC-42A3-9474-1A3956D46DE8}") = "Solution Items", "Solution Items", "{746923A9-5580-440B-BDED-30B69E38CCA2}"
EndProject
Global
	GlobalSection(SolutionConfigurationPlatforms) = preSolution
		Debug|Any CPU = Debug|Any CPU
		Release|Any CPU = Release|Any CPU
	EndGlobalSection
	GlobalSection(ProjectConfigurationPlatforms) = postSolution
		{1D605D24-05D4-487D-B55C-DAA7AF014E96}.Debug|Any CPU.ActiveCfg = Debug|Any CPU
		{1D605D24-05D4-487D-B55C-DAA7AF014E96}.Debug|Any CPU.Build.0 = Debug|Any CPU
		{1D605D24-05D4-487D-B55C-DAA7AF014E96}.Release|Any CPU.ActiveCfg = Release|Any CPU
		{1D605D24-05D4-487D-B55C-DAA7AF014E96}.Release|Any CPU.Build.0 = Release|Any CPU
	EndGlobalSection
	GlobalSection(SolutionProperties) = preSolution
		HideSolutionNode = FALSE
	EndGlobalSection
	GlobalSection(ExtensibilityGlobals) = postSolution
		SolutionGuid = {795F984D-4FD7-4ABB-8789-D5A0B8BDE924}
	EndGlobalSection
EndGlobal
